
Microsoft Visual Studio Solution File, Format Version 9.00
# Visual Studio 2005
Project("{8BC9CEB8-8B4A-11D0-8D11-00A0C91BC942}") = "WiiBlueMsx", "WiiBlueMsx.vcproj", "{F5C7CC2A-C959-4DB4-9F17-773F8B8B5F81}"
	ProjectSection(ProjectDependencies) = postProject
		{0A14AD71-79D7-4CB3-BA4E-112675A1AD68} = {0A14AD71-79D7-4CB3-BA4E-112675A1AD68}
	EndProjectSection
EndProject
Project("{8BC9CEB8-8B4A-11D0-8D11-00A0C91BC942}") = "Resources", "Resources.vcproj", "{0A14AD71-79D7-4CB3-BA4E-112675A1AD68}"
EndProject
Global
	GlobalSection(SolutionConfigurationPlatforms) = preSolution
		Debug|Win32 = Debug|Win32
		Release|Win32 = Release|Win32
	EndGlobalSection
	GlobalSection(ProjectConfigurationPlatforms) = postSolution
		{F5C7CC2A-C959-4DB4-9F17-773F8B8B5F81}.Debug|Win32.ActiveCfg = Debug|Win32
		{F5C7CC2A-C959-4DB4-9F17-773F8B8B5F81}.Debug|Win32.Build.0 = Debug|Win32
		{F5C7CC2A-C959-4DB4-9F17-773F8B8B5F81}.Release|Win32.ActiveCfg = Release|Win32
		{F5C7CC2A-C959-4DB4-9F17-773F8B8B5F81}.Release|Win32.Build.0 = Release|Win32
		{0A14AD71-79D7-4CB3-BA4E-112675A1AD68}.Debug|Win32.ActiveCfg = Debug|Win32
		{0A14AD71-79D7-4CB3-BA4E-112675A1AD68}.Debug|Win32.Build.0 = Debug|Win32
		{0A14AD71-79D7-4CB3-BA4E-112675A1AD68}.Release|Win32.ActiveCfg = Release|Win32
		{0A14AD71-79D7-4CB3-BA4E-112675A1AD68}.Release|Win32.Build.0 = Release|Win32
	EndGlobalSection
	GlobalSection(SolutionProperties) = preSolution
		HideSolutionNode = FALSE
	EndGlobalSection
EndGlobal
